<?xml version="1.0" encoding="utf-8"?>
<Project ToolsVersion="4.0" xmlns="http://schemas.microsoft.com/developer/msbuild/2003">
  <ItemGroup>
    <Filter Include="windows">
      <UniqueIdentifier>{edd5eac2-feaa-461f-9fe8-c1257175ed3d}</UniqueIdentifier>
    </Filter>
  </ItemGroup>
  <ItemGroup>
    <ClCompile Include="windows\hid.c">
      <Filter>windows</Filter>
    </ClCompile>
    <ClCompile Include="usbdmx.c" />
    <ClCompile Include="windows\pthread.c">
      <Filter>windows</Filter>
    </ClCompile>
    <ClCompile Include="windows\dllmain.cpp">
      <Filter>windows</Filter>
    </ClCompile>
    <ClCompile Include="windows\usleep.cpp">
      <Filter>windows</Filter>
    </ClCompile>
  </ItemGroup>
  <ItemGroup>
    <ClInclude Include="hidapi.h" />
    <ClInclude Include="usbdmx.h" />
    <ClInclude Include="windows\pthread.h">
      <Filter>windows</Filter>
    </ClInclude>
    <ClInclude Include="windows\targetver.h">
      <Filter>windows</Filter>
    </ClInclude>
    <ClInclude Include="windows\usleep.h">
      <Filter>windows</Filter>
    </ClInclude>
  </ItemGroup>
</Project>